
Microsoft Visual Studio Solution File, Format Version 12.00
# Visual Studio Version 17
VisualStudioVersion = 17.11.35431.28
MinimumVisualStudioVersion = 10.0.40219.1
Project("{FAE04EC0-301F-11D3-BF4B-00C04F79EFBC}") = "Oct.EOL.Results.Viewer", "Oct.EOL.Results.Viewer.csproj", "{846F49B4-0EE2-413D-88B9-F79D3F03039E}"
EndProject
Global
	GlobalSection(SolutionConfigurationPlatforms) = preSolution
		Debug|Any CPU = Debug|Any CPU
		Release|Any CPU = Release|Any CPU
	EndGlobalSection
	GlobalSection(ProjectConfigurationPlatforms) = postSolution
		{846F49B4-0EE2-413D-88B9-F79D3F03039E}.Debug|Any CPU.ActiveCfg = Debug|Any CPU
		{846F49B4-0EE2-413D-88B9-F79D3F03039E}.Debug|Any CPU.Build.0 = Debug|Any CPU
		{846F49B4-0EE2-413D-88B9-F79D3F03039E}.Release|Any CPU.ActiveCfg = Release|Any CPU
		{846F49B4-0EE2-413D-88B9-F79D3F03039E}.Release|Any CPU.Build.0 = Release|Any CPU
	EndGlobalSection
	GlobalSection(SolutionProperties) = preSolution
		HideSolutionNode = FALSE
	EndGlobalSection
	GlobalSection(ExtensibilityGlobals) = postSolution
		SolutionGuid = {CB5098E7-4E5C-4403-B550-D653F5D0B0E9}
	EndGlobalSection
EndGlobal
